<<<<<<< HEAD
﻿
Microsoft Visual Studio Solution File, Format Version 12.00
# Visual Studio Version 16
VisualStudioVersion = 16.0.30204.135
MinimumVisualStudioVersion = 10.0.40219.1
Project("{FAE04EC0-301F-11D3-BF4B-00C04F79EFBC}") = "GroceryList", "GroceryList\GroceryList.csproj", "{CA4DF87C-CED5-44F4-A61A-F20936B49C37}"
EndProject
Project("{FAE04EC0-301F-11D3-BF4B-00C04F79EFBC}") = "GroceryList.Android", "GroceryList.Android\GroceryList.Android.csproj", "{F7744863-7ADF-4A8D-A72F-F0E84DCA511F}"
EndProject
Project("{FAE04EC0-301F-11D3-BF4B-00C04F79EFBC}") = "GroceryList.iOS", "GroceryList.iOS\GroceryList.iOS.csproj", "{832FA60B-7EBA-49B8-A1D6-3588F6C7AD04}"
EndProject
Global
	GlobalSection(SolutionConfigurationPlatforms) = preSolution
		Ad-Hoc|Any CPU = Ad-Hoc|Any CPU
		Ad-Hoc|iPhone = Ad-Hoc|iPhone
		Ad-Hoc|iPhoneSimulator = Ad-Hoc|iPhoneSimulator
		AppStore|Any CPU = AppStore|Any CPU
		AppStore|iPhone = AppStore|iPhone
		AppStore|iPhoneSimulator = AppStore|iPhoneSimulator
		Debug|Any CPU = Debug|Any CPU
		Debug|iPhone = Debug|iPhone
		Debug|iPhoneSimulator = Debug|iPhoneSimulator
		Release|Any CPU = Release|Any CPU
		Release|iPhone = Release|iPhone
		Release|iPhoneSimulator = Release|iPhoneSimulator
	EndGlobalSection
	GlobalSection(ProjectConfigurationPlatforms) = postSolution
		{CA4DF87C-CED5-44F4-A61A-F20936B49C37}.Ad-Hoc|Any CPU.ActiveCfg = Debug|Any CPU
		{CA4DF87C-CED5-44F4-A61A-F20936B49C37}.Ad-Hoc|Any CPU.Build.0 = Debug|Any CPU
		{CA4DF87C-CED5-44F4-A61A-F20936B49C37}.Ad-Hoc|iPhone.ActiveCfg = Debug|Any CPU
		{CA4DF87C-CED5-44F4-A61A-F20936B49C37}.Ad-Hoc|iPhone.Build.0 = Debug|Any CPU
		{CA4DF87C-CED5-44F4-A61A-F20936B49C37}.Ad-Hoc|iPhoneSimulator.ActiveCfg = Debug|Any CPU
		{CA4DF87C-CED5-44F4-A61A-F20936B49C37}.Ad-Hoc|iPhoneSimulator.Build.0 = Debug|Any CPU
		{CA4DF87C-CED5-44F4-A61A-F20936B49C37}.AppStore|Any CPU.ActiveCfg = Debug|Any CPU
		{CA4DF87C-CED5-44F4-A61A-F20936B49C37}.AppStore|Any CPU.Build.0 = Debug|Any CPU
		{CA4DF87C-CED5-44F4-A61A-F20936B49C37}.AppStore|iPhone.ActiveCfg = Debug|Any CPU
		{CA4DF87C-CED5-44F4-A61A-F20936B49C37}.AppStore|iPhone.Build.0 = Debug|Any CPU
		{CA4DF87C-CED5-44F4-A61A-F20936B49C37}.AppStore|iPhoneSimulator.ActiveCfg = Debug|Any CPU
		{CA4DF87C-CED5-44F4-A61A-F20936B49C37}.AppStore|iPhoneSimulator.Build.0 = Debug|Any CPU
		{CA4DF87C-CED5-44F4-A61A-F20936B49C37}.Debug|Any CPU.ActiveCfg = Debug|Any CPU
		{CA4DF87C-CED5-44F4-A61A-F20936B49C37}.Debug|Any CPU.Build.0 = Debug|Any CPU
		{CA4DF87C-CED5-44F4-A61A-F20936B49C37}.Debug|iPhone.ActiveCfg = Debug|Any CPU
		{CA4DF87C-CED5-44F4-A61A-F20936B49C37}.Debug|iPhone.Build.0 = Debug|Any CPU
		{CA4DF87C-CED5-44F4-A61A-F20936B49C37}.Debug|iPhoneSimulator.ActiveCfg = Debug|Any CPU
		{CA4DF87C-CED5-44F4-A61A-F20936B49C37}.Debug|iPhoneSimulator.Build.0 = Debug|Any CPU
		{CA4DF87C-CED5-44F4-A61A-F20936B49C37}.Release|Any CPU.ActiveCfg = Release|Any CPU
		{CA4DF87C-CED5-44F4-A61A-F20936B49C37}.Release|Any CPU.Build.0 = Release|Any CPU
		{CA4DF87C-CED5-44F4-A61A-F20936B49C37}.Release|iPhone.ActiveCfg = Release|Any CPU
		{CA4DF87C-CED5-44F4-A61A-F20936B49C37}.Release|iPhone.Build.0 = Release|Any CPU
		{CA4DF87C-CED5-44F4-A61A-F20936B49C37}.Release|iPhoneSimulator.ActiveCfg = Release|Any CPU
		{CA4DF87C-CED5-44F4-A61A-F20936B49C37}.Release|iPhoneSimulator.Build.0 = Release|Any CPU
		{F7744863-7ADF-4A8D-A72F-F0E84DCA511F}.Ad-Hoc|Any CPU.ActiveCfg = Release|Any CPU
		{F7744863-7ADF-4A8D-A72F-F0E84DCA511F}.Ad-Hoc|Any CPU.Build.0 = Release|Any CPU
		{F7744863-7ADF-4A8D-A72F-F0E84DCA511F}.Ad-Hoc|Any CPU.Deploy.0 = Release|Any CPU
		{F7744863-7ADF-4A8D-A72F-F0E84DCA511F}.Ad-Hoc|iPhone.ActiveCfg = Release|Any CPU
		{F7744863-7ADF-4A8D-A72F-F0E84DCA511F}.Ad-Hoc|iPhone.Build.0 = Release|Any CPU
		{F7744863-7ADF-4A8D-A72F-F0E84DCA511F}.Ad-Hoc|iPhone.Deploy.0 = Release|Any CPU
		{F7744863-7ADF-4A8D-A72F-F0E84DCA511F}.Ad-Hoc|iPhoneSimulator.ActiveCfg = Release|Any CPU
		{F7744863-7ADF-4A8D-A72F-F0E84DCA511F}.Ad-Hoc|iPhoneSimulator.Build.0 = Release|Any CPU
		{F7744863-7ADF-4A8D-A72F-F0E84DCA511F}.Ad-Hoc|iPhoneSimulator.Deploy.0 = Release|Any CPU
		{F7744863-7ADF-4A8D-A72F-F0E84DCA511F}.AppStore|Any CPU.ActiveCfg = Release|Any CPU
		{F7744863-7ADF-4A8D-A72F-F0E84DCA511F}.AppStore|Any CPU.Build.0 = Release|Any CPU
		{F7744863-7ADF-4A8D-A72F-F0E84DCA511F}.AppStore|Any CPU.Deploy.0 = Release|Any CPU
		{F7744863-7ADF-4A8D-A72F-F0E84DCA511F}.AppStore|iPhone.ActiveCfg = Release|Any CPU
		{F7744863-7ADF-4A8D-A72F-F0E84DCA511F}.AppStore|iPhone.Build.0 = Release|Any CPU
		{F7744863-7ADF-4A8D-A72F-F0E84DCA511F}.AppStore|iPhone.Deploy.0 = Release|Any CPU
		{F7744863-7ADF-4A8D-A72F-F0E84DCA511F}.AppStore|iPhoneSimulator.ActiveCfg = Release|Any CPU
		{F7744863-7ADF-4A8D-A72F-F0E84DCA511F}.AppStore|iPhoneSimulator.Build.0 = Release|Any CPU
		{F7744863-7ADF-4A8D-A72F-F0E84DCA511F}.AppStore|iPhoneSimulator.Deploy.0 = Release|Any CPU
		{F7744863-7ADF-4A8D-A72F-F0E84DCA511F}.Debug|Any CPU.ActiveCfg = Debug|Any CPU
		{F7744863-7ADF-4A8D-A72F-F0E84DCA511F}.Debug|Any CPU.Build.0 = Debug|Any CPU
		{F7744863-7ADF-4A8D-A72F-F0E84DCA511F}.Debug|Any CPU.Deploy.0 = Debug|Any CPU
		{F7744863-7ADF-4A8D-A72F-F0E84DCA511F}.Debug|iPhone.ActiveCfg = Debug|Any CPU
		{F7744863-7ADF-4A8D-A72F-F0E84DCA511F}.Debug|iPhone.Build.0 = Debug|Any CPU
		{F7744863-7ADF-4A8D-A72F-F0E84DCA511F}.Debug|iPhone.Deploy.0 = Debug|Any CPU
		{F7744863-7ADF-4A8D-A72F-F0E84DCA511F}.Debug|iPhoneSimulator.ActiveCfg = Debug|Any CPU
		{F7744863-7ADF-4A8D-A72F-F0E84DCA511F}.Debug|iPhoneSimulator.Build.0 = Debug|Any CPU
		{F7744863-7ADF-4A8D-A72F-F0E84DCA511F}.Debug|iPhoneSimulator.Deploy.0 = Debug|Any CPU
		{F7744863-7ADF-4A8D-A72F-F0E84DCA511F}.Release|Any CPU.ActiveCfg = Release|Any CPU
		{F7744863-7ADF-4A8D-A72F-F0E84DCA511F}.Release|Any CPU.Build.0 = Release|Any CPU
		{F7744863-7ADF-4A8D-A72F-F0E84DCA511F}.Release|Any CPU.Deploy.0 = Release|Any CPU
		{F7744863-7ADF-4A8D-A72F-F0E84DCA511F}.Release|iPhone.ActiveCfg = Release|Any CPU
		{F7744863-7ADF-4A8D-A72F-F0E84DCA511F}.Release|iPhone.Build.0 = Release|Any CPU
		{F7744863-7ADF-4A8D-A72F-F0E84DCA511F}.Release|iPhone.Deploy.0 = Release|Any CPU
		{F7744863-7ADF-4A8D-A72F-F0E84DCA511F}.Release|iPhoneSimulator.ActiveCfg = Release|Any CPU
		{F7744863-7ADF-4A8D-A72F-F0E84DCA511F}.Release|iPhoneSimulator.Build.0 = Release|Any CPU
		{F7744863-7ADF-4A8D-A72F-F0E84DCA511F}.Release|iPhoneSimulator.Deploy.0 = Release|Any CPU
		{832FA60B-7EBA-49B8-A1D6-3588F6C7AD04}.Ad-Hoc|Any CPU.ActiveCfg = Ad-Hoc|iPhone
		{832FA60B-7EBA-49B8-A1D6-3588F6C7AD04}.Ad-Hoc|iPhone.ActiveCfg = Ad-Hoc|iPhone
		{832FA60B-7EBA-49B8-A1D6-3588F6C7AD04}.Ad-Hoc|iPhone.Build.0 = Ad-Hoc|iPhone
		{832FA60B-7EBA-49B8-A1D6-3588F6C7AD04}.Ad-Hoc|iPhoneSimulator.ActiveCfg = Ad-Hoc|iPhoneSimulator
		{832FA60B-7EBA-49B8-A1D6-3588F6C7AD04}.Ad-Hoc|iPhoneSimulator.Build.0 = Ad-Hoc|iPhoneSimulator
		{832FA60B-7EBA-49B8-A1D6-3588F6C7AD04}.AppStore|Any CPU.ActiveCfg = AppStore|iPhone
		{832FA60B-7EBA-49B8-A1D6-3588F6C7AD04}.AppStore|iPhone.ActiveCfg = AppStore|iPhone
		{832FA60B-7EBA-49B8-A1D6-3588F6C7AD04}.AppStore|iPhone.Build.0 = AppStore|iPhone
		{832FA60B-7EBA-49B8-A1D6-3588F6C7AD04}.AppStore|iPhoneSimulator.ActiveCfg = AppStore|iPhoneSimulator
		{832FA60B-7EBA-49B8-A1D6-3588F6C7AD04}.AppStore|iPhoneSimulator.Build.0 = AppStore|iPhoneSimulator
		{832FA60B-7EBA-49B8-A1D6-3588F6C7AD04}.Debug|Any CPU.ActiveCfg = Debug|iPhone
		{832FA60B-7EBA-49B8-A1D6-3588F6C7AD04}.Debug|iPhone.ActiveCfg = Debug|iPhone
		{832FA60B-7EBA-49B8-A1D6-3588F6C7AD04}.Debug|iPhone.Build.0 = Debug|iPhone
		{832FA60B-7EBA-49B8-A1D6-3588F6C7AD04}.Debug|iPhoneSimulator.ActiveCfg = Debug|iPhoneSimulator
		{832FA60B-7EBA-49B8-A1D6-3588F6C7AD04}.Debug|iPhoneSimulator.Build.0 = Debug|iPhoneSimulator
		{832FA60B-7EBA-49B8-A1D6-3588F6C7AD04}.Release|Any CPU.ActiveCfg = Release|iPhone
		{832FA60B-7EBA-49B8-A1D6-3588F6C7AD04}.Release|iPhone.ActiveCfg = Release|iPhone
		{832FA60B-7EBA-49B8-A1D6-3588F6C7AD04}.Release|iPhone.Build.0 = Release|iPhone
		{832FA60B-7EBA-49B8-A1D6-3588F6C7AD04}.Release|iPhoneSimulator.ActiveCfg = Release|iPhoneSimulator
		{832FA60B-7EBA-49B8-A1D6-3588F6C7AD04}.Release|iPhoneSimulator.Build.0 = Release|iPhoneSimulator
	EndGlobalSection
	GlobalSection(SolutionProperties) = preSolution
		HideSolutionNode = FALSE
	EndGlobalSection
	GlobalSection(ExtensibilityGlobals) = postSolution
		SolutionGuid = {CC4CD264-AD43-4516-91BC-3C8432FC094E}
	EndGlobalSection
EndGlobal
=======
﻿
Microsoft Visual Studio Solution File, Format Version 12.00
# Visual Studio Version 16
VisualStudioVersion = 16.0.30204.135
MinimumVisualStudioVersion = 10.0.40219.1
Project("{FAE04EC0-301F-11D3-BF4B-00C04F79EFBC}") = "GroceryList", "GroceryList\GroceryList.csproj", "{CA4DF87C-CED5-44F4-A61A-F20936B49C37}"
EndProject
Project("{FAE04EC0-301F-11D3-BF4B-00C04F79EFBC}") = "GroceryList.Android", "GroceryList.Android\GroceryList.Android.csproj", "{F7744863-7ADF-4A8D-A72F-F0E84DCA511F}"
EndProject
Project("{FAE04EC0-301F-11D3-BF4B-00C04F79EFBC}") = "GroceryList.iOS", "GroceryList.iOS\GroceryList.iOS.csproj", "{832FA60B-7EBA-49B8-A1D6-3588F6C7AD04}"
EndProject
Global
	GlobalSection(SolutionConfigurationPlatforms) = preSolution
		Ad-Hoc|Any CPU = Ad-Hoc|Any CPU
		Ad-Hoc|iPhone = Ad-Hoc|iPhone
		Ad-Hoc|iPhoneSimulator = Ad-Hoc|iPhoneSimulator
		AppStore|Any CPU = AppStore|Any CPU
		AppStore|iPhone = AppStore|iPhone
		AppStore|iPhoneSimulator = AppStore|iPhoneSimulator
		Debug|Any CPU = Debug|Any CPU
		Debug|iPhone = Debug|iPhone
		Debug|iPhoneSimulator = Debug|iPhoneSimulator
		Release|Any CPU = Release|Any CPU
		Release|iPhone = Release|iPhone
		Release|iPhoneSimulator = Release|iPhoneSimulator
	EndGlobalSection
	GlobalSection(ProjectConfigurationPlatforms) = postSolution
		{CA4DF87C-CED5-44F4-A61A-F20936B49C37}.Ad-Hoc|Any CPU.ActiveCfg = Debug|Any CPU
		{CA4DF87C-CED5-44F4-A61A-F20936B49C37}.Ad-Hoc|Any CPU.Build.0 = Debug|Any CPU
		{CA4DF87C-CED5-44F4-A61A-F20936B49C37}.Ad-Hoc|iPhone.ActiveCfg = Debug|Any CPU
		{CA4DF87C-CED5-44F4-A61A-F20936B49C37}.Ad-Hoc|iPhone.Build.0 = Debug|Any CPU
		{CA4DF87C-CED5-44F4-A61A-F20936B49C37}.Ad-Hoc|iPhoneSimulator.ActiveCfg = Debug|Any CPU
		{CA4DF87C-CED5-44F4-A61A-F20936B49C37}.Ad-Hoc|iPhoneSimulator.Build.0 = Debug|Any CPU
		{CA4DF87C-CED5-44F4-A61A-F20936B49C37}.AppStore|Any CPU.ActiveCfg = Debug|Any CPU
		{CA4DF87C-CED5-44F4-A61A-F20936B49C37}.AppStore|Any CPU.Build.0 = Debug|Any CPU
		{CA4DF87C-CED5-44F4-A61A-F20936B49C37}.AppStore|iPhone.ActiveCfg = Debug|Any CPU
		{CA4DF87C-CED5-44F4-A61A-F20936B49C37}.AppStore|iPhone.Build.0 = Debug|Any CPU
		{CA4DF87C-CED5-44F4-A61A-F20936B49C37}.AppStore|iPhoneSimulator.ActiveCfg = Debug|Any CPU
		{CA4DF87C-CED5-44F4-A61A-F20936B49C37}.AppStore|iPhoneSimulator.Build.0 = Debug|Any CPU
		{CA4DF87C-CED5-44F4-A61A-F20936B49C37}.Debug|Any CPU.ActiveCfg = Debug|Any CPU
		{CA4DF87C-CED5-44F4-A61A-F20936B49C37}.Debug|Any CPU.Build.0 = Debug|Any CPU
		{CA4DF87C-CED5-44F4-A61A-F20936B49C37}.Debug|iPhone.ActiveCfg = Debug|Any CPU
		{CA4DF87C-CED5-44F4-A61A-F20936B49C37}.Debug|iPhone.Build.0 = Debug|Any CPU
		{CA4DF87C-CED5-44F4-A61A-F20936B49C37}.Debug|iPhoneSimulator.ActiveCfg = Debug|Any CPU
		{CA4DF87C-CED5-44F4-A61A-F20936B49C37}.Debug|iPhoneSimulator.Build.0 = Debug|Any CPU
		{CA4DF87C-CED5-44F4-A61A-F20936B49C37}.Release|Any CPU.ActiveCfg = Release|Any CPU
		{CA4DF87C-CED5-44F4-A61A-F20936B49C37}.Release|Any CPU.Build.0 = Release|Any CPU
		{CA4DF87C-CED5-44F4-A61A-F20936B49C37}.Release|iPhone.ActiveCfg = Release|Any CPU
		{CA4DF87C-CED5-44F4-A61A-F20936B49C37}.Release|iPhone.Build.0 = Release|Any CPU
		{CA4DF87C-CED5-44F4-A61A-F20936B49C37}.Release|iPhoneSimulator.ActiveCfg = Release|Any CPU
		{CA4DF87C-CED5-44F4-A61A-F20936B49C37}.Release|iPhoneSimulator.Build.0 = Release|Any CPU
		{F7744863-7ADF-4A8D-A72F-F0E84DCA511F}.Ad-Hoc|Any CPU.ActiveCfg = Release|Any CPU
		{F7744863-7ADF-4A8D-A72F-F0E84DCA511F}.Ad-Hoc|Any CPU.Build.0 = Release|Any CPU
		{F7744863-7ADF-4A8D-A72F-F0E84DCA511F}.Ad-Hoc|Any CPU.Deploy.0 = Release|Any CPU
		{F7744863-7ADF-4A8D-A72F-F0E84DCA511F}.Ad-Hoc|iPhone.ActiveCfg = Release|Any CPU
		{F7744863-7ADF-4A8D-A72F-F0E84DCA511F}.Ad-Hoc|iPhone.Build.0 = Release|Any CPU
		{F7744863-7ADF-4A8D-A72F-F0E84DCA511F}.Ad-Hoc|iPhone.Deploy.0 = Release|Any CPU
		{F7744863-7ADF-4A8D-A72F-F0E84DCA511F}.Ad-Hoc|iPhoneSimulator.ActiveCfg = Release|Any CPU
		{F7744863-7ADF-4A8D-A72F-F0E84DCA511F}.Ad-Hoc|iPhoneSimulator.Build.0 = Release|Any CPU
		{F7744863-7ADF-4A8D-A72F-F0E84DCA511F}.Ad-Hoc|iPhoneSimulator.Deploy.0 = Release|Any CPU
		{F7744863-7ADF-4A8D-A72F-F0E84DCA511F}.AppStore|Any CPU.ActiveCfg = Release|Any CPU
		{F7744863-7ADF-4A8D-A72F-F0E84DCA511F}.AppStore|Any CPU.Build.0 = Release|Any CPU
		{F7744863-7ADF-4A8D-A72F-F0E84DCA511F}.AppStore|Any CPU.Deploy.0 = Release|Any CPU
		{F7744863-7ADF-4A8D-A72F-F0E84DCA511F}.AppStore|iPhone.ActiveCfg = Release|Any CPU
		{F7744863-7ADF-4A8D-A72F-F0E84DCA511F}.AppStore|iPhone.Build.0 = Release|Any CPU
		{F7744863-7ADF-4A8D-A72F-F0E84DCA511F}.AppStore|iPhone.Deploy.0 = Release|Any CPU
		{F7744863-7ADF-4A8D-A72F-F0E84DCA511F}.AppStore|iPhoneSimulator.ActiveCfg = Release|Any CPU
		{F7744863-7ADF-4A8D-A72F-F0E84DCA511F}.AppStore|iPhoneSimulator.Build.0 = Release|Any CPU
		{F7744863-7ADF-4A8D-A72F-F0E84DCA511F}.AppStore|iPhoneSimulator.Deploy.0 = Release|Any CPU
		{F7744863-7ADF-4A8D-A72F-F0E84DCA511F}.Debug|Any CPU.ActiveCfg = Debug|Any CPU
		{F7744863-7ADF-4A8D-A72F-F0E84DCA511F}.Debug|Any CPU.Build.0 = Debug|Any CPU
		{F7744863-7ADF-4A8D-A72F-F0E84DCA511F}.Debug|Any CPU.Deploy.0 = Debug|Any CPU
		{F7744863-7ADF-4A8D-A72F-F0E84DCA511F}.Debug|iPhone.ActiveCfg = Debug|Any CPU
		{F7744863-7ADF-4A8D-A72F-F0E84DCA511F}.Debug|iPhone.Build.0 = Debug|Any CPU
		{F7744863-7ADF-4A8D-A72F-F0E84DCA511F}.Debug|iPhone.Deploy.0 = Debug|Any CPU
		{F7744863-7ADF-4A8D-A72F-F0E84DCA511F}.Debug|iPhoneSimulator.ActiveCfg = Debug|Any CPU
		{F7744863-7ADF-4A8D-A72F-F0E84DCA511F}.Debug|iPhoneSimulator.Build.0 = Debug|Any CPU
		{F7744863-7ADF-4A8D-A72F-F0E84DCA511F}.Debug|iPhoneSimulator.Deploy.0 = Debug|Any CPU
		{F7744863-7ADF-4A8D-A72F-F0E84DCA511F}.Release|Any CPU.ActiveCfg = Release|Any CPU
		{F7744863-7ADF-4A8D-A72F-F0E84DCA511F}.Release|Any CPU.Build.0 = Release|Any CPU
		{F7744863-7ADF-4A8D-A72F-F0E84DCA511F}.Release|Any CPU.Deploy.0 = Release|Any CPU
		{F7744863-7ADF-4A8D-A72F-F0E84DCA511F}.Release|iPhone.ActiveCfg = Release|Any CPU
		{F7744863-7ADF-4A8D-A72F-F0E84DCA511F}.Release|iPhone.Build.0 = Release|Any CPU
		{F7744863-7ADF-4A8D-A72F-F0E84DCA511F}.Release|iPhone.Deploy.0 = Release|Any CPU
		{F7744863-7ADF-4A8D-A72F-F0E84DCA511F}.Release|iPhoneSimulator.ActiveCfg = Release|Any CPU
		{F7744863-7ADF-4A8D-A72F-F0E84DCA511F}.Release|iPhoneSimulator.Build.0 = Release|Any CPU
		{F7744863-7ADF-4A8D-A72F-F0E84DCA511F}.Release|iPhoneSimulator.Deploy.0 = Release|Any CPU
		{832FA60B-7EBA-49B8-A1D6-3588F6C7AD04}.Ad-Hoc|Any CPU.ActiveCfg = Ad-Hoc|iPhone
		{832FA60B-7EBA-49B8-A1D6-3588F6C7AD04}.Ad-Hoc|iPhone.ActiveCfg = Ad-Hoc|iPhone
		{832FA60B-7EBA-49B8-A1D6-3588F6C7AD04}.Ad-Hoc|iPhone.Build.0 = Ad-Hoc|iPhone
		{832FA60B-7EBA-49B8-A1D6-3588F6C7AD04}.Ad-Hoc|iPhoneSimulator.ActiveCfg = Ad-Hoc|iPhoneSimulator
		{832FA60B-7EBA-49B8-A1D6-3588F6C7AD04}.Ad-Hoc|iPhoneSimulator.Build.0 = Ad-Hoc|iPhoneSimulator
		{832FA60B-7EBA-49B8-A1D6-3588F6C7AD04}.AppStore|Any CPU.ActiveCfg = AppStore|iPhone
		{832FA60B-7EBA-49B8-A1D6-3588F6C7AD04}.AppStore|iPhone.ActiveCfg = AppStore|iPhone
		{832FA60B-7EBA-49B8-A1D6-3588F6C7AD04}.AppStore|iPhone.Build.0 = AppStore|iPhone
		{832FA60B-7EBA-49B8-A1D6-3588F6C7AD04}.AppStore|iPhoneSimulator.ActiveCfg = AppStore|iPhoneSimulator
		{832FA60B-7EBA-49B8-A1D6-3588F6C7AD04}.AppStore|iPhoneSimulator.Build.0 = AppStore|iPhoneSimulator
		{832FA60B-7EBA-49B8-A1D6-3588F6C7AD04}.Debug|Any CPU.ActiveCfg = Debug|iPhone
		{832FA60B-7EBA-49B8-A1D6-3588F6C7AD04}.Debug|iPhone.ActiveCfg = Debug|iPhone
		{832FA60B-7EBA-49B8-A1D6-3588F6C7AD04}.Debug|iPhone.Build.0 = Debug|iPhone
		{832FA60B-7EBA-49B8-A1D6-3588F6C7AD04}.Debug|iPhoneSimulator.ActiveCfg = Debug|iPhoneSimulator
		{832FA60B-7EBA-49B8-A1D6-3588F6C7AD04}.Debug|iPhoneSimulator.Build.0 = Debug|iPhoneSimulator
		{832FA60B-7EBA-49B8-A1D6-3588F6C7AD04}.Release|Any CPU.ActiveCfg = Release|iPhone
		{832FA60B-7EBA-49B8-A1D6-3588F6C7AD04}.Release|iPhone.ActiveCfg = Release|iPhone
		{832FA60B-7EBA-49B8-A1D6-3588F6C7AD04}.Release|iPhone.Build.0 = Release|iPhone
		{832FA60B-7EBA-49B8-A1D6-3588F6C7AD04}.Release|iPhoneSimulator.ActiveCfg = Release|iPhoneSimulator
		{832FA60B-7EBA-49B8-A1D6-3588F6C7AD04}.Release|iPhoneSimulator.Build.0 = Release|iPhoneSimulator
	EndGlobalSection
	GlobalSection(SolutionProperties) = preSolution
		HideSolutionNode = FALSE
	EndGlobalSection
	GlobalSection(ExtensibilityGlobals) = postSolution
		SolutionGuid = {CC4CD264-AD43-4516-91BC-3C8432FC094E}
	EndGlobalSection
EndGlobal
>>>>>>> 0050e7175b1ea46b326adf4faebadfefe95704f4
